
Microsoft Visual Studio Solution File, Format Version 12.00
# Visual Studio Version 17
VisualStudioVersion = 17.0.31919.166
MinimumVisualStudioVersion = 10.0.40219.1
Project("{9A19103F-16F7-4668-BE54-9A1E7A4F7556}") = "CILEmitAPI", "CILEmitAPI.csproj", "{A18419AF-751E-43E9-A78F-9E31BA0F06B4}"
EndProject
Global
	GlobalSection(SolutionConfigurationPlatforms) = preSolution
		Debug|Any CPU = Debug|Any CPU
		Release|Any CPU = Release|Any CPU
	EndGlobalSection
	GlobalSection(ProjectConfigurationPlatforms) = postSolution
		{A18419AF-751E-43E9-A78F-9E31BA0F06B4}.Debug|Any CPU.ActiveCfg = Debug|Any CPU
		{A18419AF-751E-43E9-A78F-9E31BA0F06B4}.Debug|Any CPU.Build.0 = Debug|Any CPU
		{A18419AF-751E-43E9-A78F-9E31BA0F06B4}.Release|Any CPU.ActiveCfg = Release|Any CPU
		{A18419AF-751E-43E9-A78F-9E31BA0F06B4}.Release|Any CPU.Build.0 = Release|Any CPU
		{CABA9412-EED7-4562-B15B-DFCF7F6E9AC1}.Debug|Any CPU.ActiveCfg = Debug|Any CPU
		{CABA9412-EED7-4562-B15B-DFCF7F6E9AC1}.Debug|Any CPU.Build.0 = Debug|Any CPU
		{CABA9412-EED7-4562-B15B-DFCF7F6E9AC1}.Release|Any CPU.ActiveCfg = Release|Any CPU
		{CABA9412-EED7-4562-B15B-DFCF7F6E9AC1}.Release|Any CPU.Build.0 = Release|Any CPU
		{ACB7449F-7E65-447A-8A12-FF5DE41663D1}.Debug|Any CPU.ActiveCfg = Debug|Any CPU
		{ACB7449F-7E65-447A-8A12-FF5DE41663D1}.Debug|Any CPU.Build.0 = Debug|Any CPU
		{ACB7449F-7E65-447A-8A12-FF5DE41663D1}.Release|Any CPU.ActiveCfg = Release|Any CPU
		{ACB7449F-7E65-447A-8A12-FF5DE41663D1}.Release|Any CPU.Build.0 = Release|Any CPU
	EndGlobalSection
	GlobalSection(SolutionProperties) = preSolution
		HideSolutionNode = FALSE
	EndGlobalSection
	GlobalSection(ExtensibilityGlobals) = postSolution
		SolutionGuid = {A4DD0E27-7760-4C78-B256-38975E532F93}
	EndGlobalSection
EndGlobal
